{
  "name": "@tjc-group/odata-v2-service-metadata",
  "version": "0.1.0",
  "lockfileVersion": 1,
  "requires": true,
  "dependencies": {
    "extend": {
      "version": "3.0.2",
      "resolved": "https://registry.npmjs.org/extend/-/extend-3.0.2.tgz",
      "integrity": "sha512-fjquC59cD7CyW6urNXK0FBufkZcoiGG80wTuPujX590cB5Ttln20E2UB4S/WARVqhXffZl2LNgS+gQdPIIim/g=="
    },
    "odata-v4-metadata": {
      "version": "0.1.5",
      "resolved": "https://registry.npmjs.org/odata-v4-metadata/-/odata-v4-metadata-0.1.5.tgz",
      "integrity": "sha512-EKESasm7rFR+KtRePjvhfoc8FFj2ymSdPuOFFYcWUeuikfAv6nSw+VGuu4UWxcE+ZPoWZU9Wdi6o3cEzvnC1EQ=="
    }
  }
}
